
Microsoft Visual Studio Solution File, Format Version 12.00
# Visual Studio Version 17
VisualStudioVersion = 17.12.35527.113
MinimumVisualStudioVersion = 10.0.40219.1
Project("{FAE04EC0-301F-11D3-BF4B-00C04F79EFBC}") = "PRN232_Su25_Readify_Web", "PRN232_Su25_Readify_Web\PRN232_Su25_Readify_Web.csproj", "{1A059311-D499-4A3B-BA60-77A07E71827C}"
EndProject
Project("{FAE04EC0-301F-11D3-BF4B-00C04F79EFBC}") = "PRN232_Su25_Readify_WebAPI", "PRN232_Su25_Readify_WebAPI\PRN232_Su25_Readify_WebAPI.csproj", "{06B093CE-FE83-44A2-944B-8A3CB75455EA}"
EndProject
Global
	GlobalSection(SolutionConfigurationPlatforms) = preSolution
		Debug|Any CPU = Debug|Any CPU
		Release|Any CPU = Release|Any CPU
	EndGlobalSection
	GlobalSection(ProjectConfigurationPlatforms) = postSolution
		{1A059311-D499-4A3B-BA60-77A07E71827C}.Debug|Any CPU.ActiveCfg = Debug|Any CPU
		{1A059311-D499-4A3B-BA60-77A07E71827C}.Debug|Any CPU.Build.0 = Debug|Any CPU
		{1A059311-D499-4A3B-BA60-77A07E71827C}.Release|Any CPU.ActiveCfg = Release|Any CPU
		{1A059311-D499-4A3B-BA60-77A07E71827C}.Release|Any CPU.Build.0 = Release|Any CPU
		{06B093CE-FE83-44A2-944B-8A3CB75455EA}.Debug|Any CPU.ActiveCfg = Debug|Any CPU
		{06B093CE-FE83-44A2-944B-8A3CB75455EA}.Debug|Any CPU.Build.0 = Debug|Any CPU
		{06B093CE-FE83-44A2-944B-8A3CB75455EA}.Release|Any CPU.ActiveCfg = Release|Any CPU
		{06B093CE-FE83-44A2-944B-8A3CB75455EA}.Release|Any CPU.Build.0 = Release|Any CPU
	EndGlobalSection
	GlobalSection(SolutionProperties) = preSolution
		HideSolutionNode = FALSE
	EndGlobalSection
EndGlobal
